// !$*UTF8*$!
{
	archiveVersion = 1;
	classes = {
	};
	objectVersion = 50;
	objects = {

/* Begin PBXBuildFile section */
		C5061C012276F34800CFB93F /* PersistenceService.swift in Sources */ = {isa = PBXBuildFile; fileRef = C5061C002276F34800CFB93F /* PersistenceService.swift */; };
		C56E1E3B225BF1CD0014B50C /* AshtonBuilding.gpx in Resources */ = {isa = PBXBuildFile; fileRef = C56E1E3A225BF1CD0014B50C /* AshtonBuilding.gpx */; };
		C57CCA95225A556100CC4B8B /* AppDelegate.swift in Sources */ = {isa = PBXBuildFile; fileRef = C57CCA94225A556100CC4B8B /* AppDelegate.swift */; };
		C57CCA97225A556100CC4B8B /* ViewController.swift in Sources */ = {isa = PBXBuildFile; fileRef = C57CCA96225A556100CC4B8B /* ViewController.swift */; };
		C57CCA9A225A556100CC4B8B /* Main.storyboard in Resources */ = {isa = PBXBuildFile; fileRef = C57CCA98225A556100CC4B8B /* Main.storyboard */; };
		C57CCA9D225A556100CC4B8B /* AssignmentTwo.xcdatamodeld in Sources */ = {isa = PBXBuildFile; fileRef = C57CCA9B225A556100CC4B8B /* AssignmentTwo.xcdatamodeld */; };
		C57CCA9F225A556400CC4B8B /* Assets.xcassets in Resources */ = {isa = PBXBuildFile; fileRef = C57CCA9E225A556400CC4B8B /* Assets.xcassets */; };
		C57CCAA2225A556400CC4B8B /* LaunchScreen.storyboard in Resources */ = {isa = PBXBuildFile; fileRef = C57CCAA0225A556400CC4B8B /* LaunchScreen.storyboard */; };
		C57CCAAA225A584900CC4B8B /* JsonStruct.swift in Sources */ = {isa = PBXBuildFile; fileRef = C57CCAA9225A584900CC4B8B /* JsonStruct.swift */; };
		C59A3024227A2690007CCAE5 /* ArtworkCore+CoreDataClass.swift in Sources */ = {isa = PBXBuildFile; fileRef = C59A3022227A2690007CCAE5 /* ArtworkCore+CoreDataClass.swift */; };
		C59A3025227A2690007CCAE5 /* ArtworkCore+CoreDataProperties.swift in Sources */ = {isa = PBXBuildFile; fileRef = C59A3023227A2690007CCAE5 /* ArtworkCore+CoreDataProperties.swift */; };
		C5A7EA912281818900D928EC /* countryCell.swift in Sources */ = {isa = PBXBuildFile; fileRef = C5A7EA8F2281818900D928EC /* countryCell.swift */; };
		C5A7EA922281818900D928EC /* countryCell.xib in Resources */ = {isa = PBXBuildFile; fileRef = C5A7EA902281818900D928EC /* countryCell.xib */; };
		C5A7EA95228181E300D928EC /* CountryViewController.swift in Sources */ = {isa = PBXBuildFile; fileRef = C5A7EA93228181E300D928EC /* CountryViewController.swift */; };
		C5A7EA96228181E300D928EC /* CountryViewController.xib in Resources */ = {isa = PBXBuildFile; fileRef = C5A7EA94228181E300D928EC /* CountryViewController.xib */; };
		C5E860122261208500E9C804 /* DetailViewController.swift in Sources */ = {isa = PBXBuildFile; fileRef = C5E860112261208500E9C804 /* DetailViewController.swift */; };
		C5F199AA2280B5F90000D425 /* BuildingArtworksController.swift in Sources */ = {isa = PBXBuildFile; fileRef = C5F199A92280B5F90000D425 /* BuildingArtworksController.swift */; };
/* End PBXBuildFile section */

/* Begin PBXFileReference section */
		C5061C002276F34800CFB93F /* PersistenceService.swift */ = {isa = PBXFileReference; lastKnownFileType = sourcecode.swift; path = PersistenceService.swift; sourceTree = "<group>"; };
		C56E1E3A225BF1CD0014B50C /* AshtonBuilding.gpx */ = {isa = PBXFileReference; fileEncoding = 4; lastKnownFileType = text.xml; path = AshtonBuilding.gpx; sourceTree = "<group>"; };
		C57CCA91225A556100CC4B8B /* AssignmentTwo.app */ = {isa = PBXFileReference; explicitFileType = wrapper.application; includeInIndex = 0; path = AssignmentTwo.app; sourceTree = BUILT_PRODUCTS_DIR; };
		C57CCA94225A556100CC4B8B /* AppDelegate.swift */ = {isa = PBXFileReference; lastKnownFileType = sourcecode.swift; path = AppDelegate.swift; sourceTree = "<group>"; };
		C57CCA96225A556100CC4B8B /* ViewController.swift */ = {isa = PBXFileReference; lastKnownFileType = sourcecode.swift; path = ViewController.swift; sourceTree = "<group>"; };
		C57CCA99225A556100CC4B8B /* Base */ = {isa = PBXFileReference; lastKnownFileType = file.storyboard; name = Base; path = Base.lproj/Main.storyboard; sourceTree = "<group>"; };
		C57CCA9C225A556100CC4B8B /* AssignmentTwo.xcdatamodel */ = {isa = PBXFileReference; lastKnownFileType = wrapper.xcdatamodel; path = AssignmentTwo.xcdatamodel; sourceTree = "<group>"; };
		C57CCA9E225A556400CC4B8B /* Assets.xcassets */ = {isa = PBXFileReference; lastKnownFileType = folder.assetcatalog; path = Assets.xcassets; sourceTree = "<group>"; };
		C57CCAA1225A556400CC4B8B /* Base */ = {isa = PBXFileReference; lastKnownFileType = file.storyboard; name = Base; path = Base.lproj/LaunchScreen.storyboard; sourceTree = "<group>"; };
		C57CCAA3225A556400CC4B8B /* Info.plist */ = {isa = PBXFileReference; lastKnownFileType = text.plist.xml; path = Info.plist; sourceTree = "<group>"; };
		C57CCAA9225A584900CC4B8B /* JsonStruct.swift */ = {isa = PBXFileReference; fileEncoding = 4; lastKnownFileType = sourcecode.swift; path = JsonStruct.swift; sourceTree = "<group>"; };
		C59A3022227A2690007CCAE5 /* ArtworkCore+CoreDataClass.swift */ = {isa = PBXFileReference; lastKnownFileType = sourcecode.swift; name = "ArtworkCore+CoreDataClass.swift"; path = "../ArtworkCore+CoreDataClass.swift"; sourceTree = "<group>"; };
		C59A3023227A2690007CCAE5 /* ArtworkCore+CoreDataProperties.swift */ = {isa = PBXFileReference; lastKnownFileType = sourcecode.swift; name = "ArtworkCore+CoreDataProperties.swift"; path = "../ArtworkCore+CoreDataProperties.swift"; sourceTree = "<group>"; };
		C5A7EA8F2281818900D928EC /* countryCell.swift */ = {isa = PBXFileReference; lastKnownFileType = sourcecode.swift; path = countryCell.swift; sourceTree = "<group>"; };
		C5A7EA902281818900D928EC /* countryCell.xib */ = {isa = PBXFileReference; lastKnownFileType = file.xib; path = countryCell.xib; sourceTree = "<group>"; };
		C5A7EA93228181E300D928EC /* CountryViewController.swift */ = {isa = PBXFileReference; lastKnownFileType = sourcecode.swift; path = CountryViewController.swift; sourceTree = "<group>"; };
		C5A7EA94228181E300D928EC /* CountryViewController.xib */ = {isa = PBXFileReference; lastKnownFileType = file.xib; path = CountryViewController.xib; sourceTree = "<group>"; };
		C5E860112261208500E9C804 /* DetailViewController.swift */ = {isa = PBXFileReference; lastKnownFileType = sourcecode.swift; name = DetailViewController.swift; path = ../DetailViewController.swift; sourceTree = "<group>"; };
		C5F199A92280B5F90000D425 /* BuildingArtworksController.swift */ = {isa = PBXFileReference; lastKnownFileType = sourcecode.swift; path = BuildingArtworksController.swift; sourceTree = "<group>"; };
/* End PBXFileReference section */

/* Begin PBXFrameworksBuildPhase section */
		C57CCA8E225A556100CC4B8B /* Frameworks */ = {
			isa = PBXFrameworksBuildPhase;
			buildActionMask = 2147483647;
			files = (
			);
			runOnlyForDeploymentPostprocessing = 0;
		};
/* End PBXFrameworksBuildPhase section */

/* Begin PBXGroup section */
		C57CCA88225A556100CC4B8B = {
			isa = PBXGroup;
			children = (
				C56E1E3A225BF1CD0014B50C /* AshtonBuilding.gpx */,
				C57CCA93225A556100CC4B8B /* AssignmentTwo */,
			);
			sourceTree = "<group>";
		};
		C57CCA92225A556100CC4B8B /* Products */ = {
			isa = PBXGroup;
			children = (
				C57CCA91225A556100CC4B8B /* AssignmentTwo.app */,
			);
			name = Products;
			path = ..;
			sourceTree = "<group>";
		};
		C57CCA93225A556100CC4B8B /* AssignmentTwo */ = {
			isa = PBXGroup;
			children = (
				C5A7EA97228184D100D928EC /* CountryVC */,
				C59A3022227A2690007CCAE5 /* ArtworkCore+CoreDataClass.swift */,
				C59A3023227A2690007CCAE5 /* ArtworkCore+CoreDataProperties.swift */,
				C57CCA94225A556100CC4B8B /* AppDelegate.swift */,
				C5061C002276F34800CFB93F /* PersistenceService.swift */,
				C5E860112261208500E9C804 /* DetailViewController.swift */,
				C57CCA96225A556100CC4B8B /* ViewController.swift */,
				C57CCAA9225A584900CC4B8B /* JsonStruct.swift */,
				C57CCA98225A556100CC4B8B /* Main.storyboard */,
				C5F199A92280B5F90000D425 /* BuildingArtworksController.swift */,
				C57CCA9E225A556400CC4B8B /* Assets.xcassets */,
				C57CCAA0225A556400CC4B8B /* LaunchScreen.storyboard */,
				C57CCAA3225A556400CC4B8B /* Info.plist */,
				C57CCA9B225A556100CC4B8B /* AssignmentTwo.xcdatamodeld */,
				C57CCA92225A556100CC4B8B /* Products */,
			);
			path = AssignmentTwo;
			sourceTree = "<group>";
		};
		C5A7EA97228184D100D928EC /* CountryVC */ = {
			isa = PBXGroup;
			children = (
				C5A7EA93228181E300D928EC /* CountryViewController.swift */,
				C5A7EA94228181E300D928EC /* CountryViewController.xib */,
				C5A7EA8F2281818900D928EC /* countryCell.swift */,
				C5A7EA902281818900D928EC /* countryCell.xib */,
			);
			path = CountryVC;
			sourceTree = "<group>";
		};
/* End PBXGroup section */

/* Begin PBXNativeTarget section */
		C57CCA90225A556100CC4B8B /* AssignmentTwo */ = {
			isa = PBXNativeTarget;
			buildConfigurationList = C57CCAA6225A556400CC4B8B /* Build configuration list for PBXNativeTarget "AssignmentTwo" */;
			buildPhases = (
				C57CCA8D225A556100CC4B8B /* Sources */,
				C57CCA8E225A556100CC4B8B /* Frameworks */,
				C57CCA8F225A556100CC4B8B /* Resources */,
			);
			buildRules = (
			);
			dependencies = (
			);
			name = AssignmentTwo;
			productName = AssignmentTwo;
			productReference = C57CCA91225A556100CC4B8B /* AssignmentTwo.app */;
			productType = "com.apple.product-type.application";
		};
/* End PBXNativeTarget section */

/* Begin PBXProject section */
		C57CCA89225A556100CC4B8B /* Project object */ = {
			isa = PBXProject;
			attributes = {
				LastSwiftUpdateCheck = 1010;
				LastUpgradeCheck = 1010;
				ORGANIZATIONNAME = Jahan;
				TargetAttributes = {
					C57CCA90225A556100CC4B8B = {
						CreatedOnToolsVersion = 10.1;
					};
				};
			};
			buildConfigurationList = C57CCA8C225A556100CC4B8B /* Build configuration list for PBXProject "AssignmentTwo" */;
			compatibilityVersion = "Xcode 9.3";
			developmentRegion = en;
			hasScannedForEncodings = 0;
			knownRegions = (
				en,
				Base,
			);
			mainGroup = C57CCA88225A556100CC4B8B;
			productRefGroup = C57CCA92225A556100CC4B8B /* Products */;
			projectDirPath = "";
			projectRoot = "";
			targets = (
				C57CCA90225A556100CC4B8B /* AssignmentTwo */,
			);
		};
/* End PBXProject section */

/* Begin PBXResourcesBuildPhase section */
		C57CCA8F225A556100CC4B8B /* Resources */ = {
			isa = PBXResourcesBuildPhase;
			buildActionMask = 2147483647;
			files = (
				C57CCAA2225A556400CC4B8B /* LaunchScreen.storyboard in Resources */,
				C57CCA9F225A556400CC4B8B /* Assets.xcassets in Resources */,
				C56E1E3B225BF1CD0014B50C /* AshtonBuilding.gpx in Resources */,
				C5A7EA922281818900D928EC /* countryCell.xib in Resources */,
				C57CCA9A225A556100CC4B8B /* Main.storyboard in Resources */,
				C5A7EA96228181E300D928EC /* CountryViewController.xib in Resources */,
			);
			runOnlyForDeploymentPostprocessing = 0;
		};
/* End PBXResourcesBuildPhase section */

/* Begin PBXSourcesBuildPhase section */
		C57CCA8D225A556100CC4B8B /* Sources */ = {
			isa = PBXSourcesBuildPhase;
			buildActionMask = 2147483647;
			files = (
				C59A3024227A2690007CCAE5 /* ArtworkCore+CoreDataClass.swift in Sources */,
				C59A3025227A2690007CCAE5 /* ArtworkCore+CoreDataProperties.swift in Sources */,
				C5A7EA95228181E300D928EC /* CountryViewController.swift in Sources */,
				C5A7EA912281818900D928EC /* countryCell.swift in Sources */,
				C57CCA97225A556100CC4B8B /* ViewController.swift in Sources */,
				C5061C012276F34800CFB93F /* PersistenceService.swift in Sources */,
				C57CCA95225A556100CC4B8B /* AppDelegate.swift in Sources */,
				C5E860122261208500E9C804 /* DetailViewController.swift in Sources */,
				C57CCAAA225A584900CC4B8B /* JsonStruct.swift in Sources */,
				C57CCA9D225A556100CC4B8B /* AssignmentTwo.xcdatamodeld in Sources */,
				C5F199AA2280B5F90000D425 /* BuildingArtworksController.swift in Sources */,
			);
			runOnlyForDeploymentPostprocessing = 0;
		};
/* End PBXSourcesBuildPhase section */

/* Begin PBXVariantGroup section */
		C57CCA98225A556100CC4B8B /* Main.storyboard */ = {
			isa = PBXVariantGroup;
			children = (
				C57CCA99225A556100CC4B8B /* Base */,
			);
			name = Main.storyboard;
			sourceTree = "<group>";
		};
		C57CCAA0225A556400CC4B8B /* LaunchScreen.storyboard */ = {
			isa = PBXVariantGroup;
			children = (
				C57CCAA1225A556400CC4B8B /* Base */,
			);
			name = LaunchScreen.storyboard;
			sourceTree = "<group>";
		};
/* End PBXVariantGroup section */

/* Begin XCBuildConfiguration section */
		C57CCAA4225A556400CC4B8B /* Debug */ = {
			isa = XCBuildConfiguration;
			buildSettings = {
				ALWAYS_SEARCH_USER_PATHS = NO;
				CLANG_ANALYZER_NONNULL = YES;
				CLANG_ANALYZER_NUMBER_OBJECT_CONVERSION = YES_AGGRESSIVE;
				CLANG_CXX_LANGUAGE_STANDARD = "gnu++14";
				CLANG_CXX_LIBRARY = "libc++";
				CLANG_ENABLE_MODULES = YES;
				CLANG_ENABLE_OBJC_ARC = YES;
				CLANG_ENABLE_OBJC_WEAK = YES;
				CLANG_WARN_BLOCK_CAPTURE_AUTORELEASING = YES;
				CLANG_WARN_BOOL_CONVERSION = YES;
				CLANG_WARN_COMMA = YES;
				CLANG_WARN_CONSTANT_CONVERSION = YES;
				CLANG_WARN_DEPRECATED_OBJC_IMPLEMENTATIONS = YES;
				CLANG_WARN_DIRECT_OBJC_ISA_USAGE = YES_ERROR;
				CLANG_WARN_DOCUMENTATION_COMMENTS = YES;
				CLANG_WARN_EMPTY_BODY = YES;
				CLANG_WARN_ENUM_CONVERSION = YES;
				CLANG_WARN_INFINITE_RECURSION = YES;
				CLANG_WARN_INT_CONVERSION = YES;
				CLANG_WARN_NON_LITERAL_NULL_CONVERSION = YES;
				CLANG_WARN_OBJC_IMPLICIT_RETAIN_SELF = YES;
				CLANG_WARN_OBJC_LITERAL_CONVERSION = YES;
				CLANG_WARN_OBJC_ROOT_CLASS = YES_ERROR;
				CLANG_WARN_RANGE_LOOP_ANALYSIS = YES;
				CLANG_WARN_STRICT_PROTOTYPES = YES;
				CLANG_WARN_SUSPICIOUS_MOVE = YES;
				CLANG_WARN_UNGUARDED_AVAILABILITY = YES_AGGRESSIVE;
				CLANG_WARN_UNREACHABLE_CODE = YES;
				CLANG_WARN__DUPLICATE_METHOD_MATCH = YES;
				CODE_SIGN_IDENTITY = "iPhone Developer";
				COPY_PHASE_STRIP = NO;
				DEBUG_INFORMATION_FORMAT = dwarf;
				ENABLE_STRICT_OBJC_MSGSEND = YES;
				ENABLE_TESTABILITY = YES;
				GCC_C_LANGUAGE_STANDARD = gnu11;
				GCC_DYNAMIC_NO_PIC = NO;
				GCC_NO_COMMON_BLOCKS = YES;
				GCC_OPTIMIZATION_LEVEL = 0;
				GCC_PREPROCESSOR_DEFINITIONS = (
					"DEBUG=1",
					"$(inherited)",
				);
				GCC_WARN_64_TO_32_BIT_CONVERSION = YES;
				GCC_WARN_ABOUT_RETURN_TYPE = YES_ERROR;
				GCC_WARN_UNDECLARED_SELECTOR = YES;
				GCC_WARN_UNINITIALIZED_AUTOS = YES_AGGRESSIVE;
				GCC_WARN_UNUSED_FUNCTION = YES;
				GCC_WARN_UNUSED_VARIABLE = YES;
				IPHONEOS_DEPLOYMENT_TARGET = 12.1;
				MTL_ENABLE_DEBUG_INFO = INCLUDE_SOURCE;
				MTL_FAST_MATH = YES;
				ONLY_ACTIVE_ARCH = YES;
				SDKROOT = iphoneos;
				SWIFT_ACTIVE_COMPILATION_CONDITIONS = DEBUG;
				SWIFT_OPTIMIZATION_LEVEL = "-Onone";
			};
			name = Debug;
		};
		C57CCAA5225A556400CC4B8B /* Release */ = {
			isa = XCBuildConfiguration;
			buildSettings = {
				ALWAYS_SEARCH_USER_PATHS = NO;
				CLANG_ANALYZER_NONNULL = YES;
				CLANG_ANALYZER_NUMBER_OBJECT_CONVERSION = YES_AGGRESSIVE;
				CLANG_CXX_LANGUAGE_STANDARD = "gnu++14";
				CLANG_CXX_LIBRARY = "libc++";
				CLANG_ENABLE_MODULES = YES;
				CLANG_ENABLE_OBJC_ARC = YES;
				CLANG_ENABLE_OBJC_WEAK = YES;
				CLANG_WARN_BLOCK_CAPTURE_AUTORELEASING = YES;
				CLANG_WARN_BOOL_CONVERSION = YES;
				CLANG_WARN_COMMA = YES;
				CLANG_WARN_CONSTANT_CONVERSION = YES;
				CLANG_WARN_DEPRECATED_OBJC_IMPLEMENTATIONS = YES;
				CLANG_WARN_DIRECT_OBJC_ISA_USAGE = YES_ERROR;
				CLANG_WARN_DOCUMENTATION_COMMENTS = YES;
				CLANG_WARN_EMPTY_BODY = YES;
				CLANG_WARN_ENUM_CONVERSION = YES;
				CLANG_WARN_INFINITE_RECURSION = YES;
				CLANG_WARN_INT_CONVERSION = YES;
				CLANG_WARN_NON_LITERAL_NULL_CONVERSION = YES;
				CLANG_WARN_OBJC_IMPLICIT_RETAIN_SELF = YES;
				CLANG_WARN_OBJC_LITERAL_CONVERSION = YES;
				CLANG_WARN_OBJC_ROOT_CLASS = YES_ERROR;
				CLANG_WARN_RANGE_LOOP_ANALYSIS = YES;
				CLANG_WARN_STRICT_PROTOTYPES = YES;
				CLANG_WARN_SUSPICIOUS_MOVE = YES;
				CLANG_WARN_UNGUARDED_AVAILABILITY = YES_AGGRESSIVE;
				CLANG_WARN_UNREACHABLE_CODE = YES;
				CLANG_WARN__DUPLICATE_METHOD_MATCH = YES;
				CODE_SIGN_IDENTITY = "iPhone Developer";
				COPY_PHASE_STRIP = NO;
				DEBUG_INFORMATION_FORMAT = "dwarf-with-dsym";
				ENABLE_NS_ASSERTIONS = NO;
				ENABLE_STRICT_OBJC_MSGSEND = YES;
				GCC_C_LANGUAGE_STANDARD = gnu11;
				GCC_NO_COMMON_BLOCKS = YES;
				GCC_WARN_64_TO_32_BIT_CONVERSION = YES;
				GCC_WARN_ABOUT_RETURN_TYPE = YES_ERROR;
				GCC_WARN_UNDECLARED_SELECTOR = YES;
				GCC_WARN_UNINITIALIZED_AUTOS = YES_AGGRESSIVE;
				GCC_WARN_UNUSED_FUNCTION = YES;
				GCC_WARN_UNUSED_VARIABLE = YES;
				IPHONEOS_DEPLOYMENT_TARGET = 12.1;
				MTL_ENABLE_DEBUG_INFO = NO;
				MTL_FAST_MATH = YES;
				SDKROOT = iphoneos;
				SWIFT_COMPILATION_MODE = wholemodule;
				SWIFT_OPTIMIZATION_LEVEL = "-O";
				VALIDATE_PRODUCT = YES;
			};
			name = Release;
		};
		C57CCAA7225A556400CC4B8B /* Debug */ = {
			isa = XCBuildConfiguration;
			buildSettings = {
				ASSETCATALOG_COMPILER_APPICON_NAME = AppIcon;
				CODE_SIGN_STYLE = Automatic;
				DEVELOPMENT_TEAM = RU34PNAM9U;
				INFOPLIST_FILE = AssignmentTwo/Info.plist;
				LD_RUNPATH_SEARCH_PATHS = (
					"$(inherited)",
					"@executable_path/Frameworks",
				);
				PRODUCT_BUNDLE_IDENTIFIER = JSwift.AssignmentTwo;
				PRODUCT_NAME = "$(TARGET_NAME)";
				SWIFT_VERSION = 4.2;
				TARGETED_DEVICE_FAMILY = "1,2";
			};
			name = Debug;
		};
		C57CCAA8225A556400CC4B8B /* Release */ = {
			isa = XCBuildConfiguration;
			buildSettings = {
				ASSETCATALOG_COMPILER_APPICON_NAME = AppIcon;
				CODE_SIGN_STYLE = Automatic;
				DEVELOPMENT_TEAM = RU34PNAM9U;
				INFOPLIST_FILE = AssignmentTwo/Info.plist;
				LD_RUNPATH_SEARCH_PATHS = (
					"$(inherited)",
					"@executable_path/Frameworks",
				);
				PRODUCT_BUNDLE_IDENTIFIER = JSwift.AssignmentTwo;
				PRODUCT_NAME = "$(TARGET_NAME)";
				SWIFT_VERSION = 4.2;
				TARGETED_DEVICE_FAMILY = "1,2";
			};
			name = Release;
		};
/* End XCBuildConfiguration section */

/* Begin XCConfigurationList section */
		C57CCA8C225A556100CC4B8B /* Build configuration list for PBXProject "AssignmentTwo" */ = {
			isa = XCConfigurationList;
			buildConfigurations = (
				C57CCAA4225A556400CC4B8B /* Debug */,
				C57CCAA5225A556400CC4B8B /* Release */,
			);
			defaultConfigurationIsVisible = 0;
			defaultConfigurationName = Release;
		};
		C57CCAA6225A556400CC4B8B /* Build configuration list for PBXNativeTarget "AssignmentTwo" */ = {
			isa = XCConfigurationList;
			buildConfigurations = (
				C57CCAA7225A556400CC4B8B /* Debug */,
				C57CCAA8225A556400CC4B8B /* Release */,
			);
			defaultConfigurationIsVisible = 0;
			defaultConfigurationName = Release;
		};
/* End XCConfigurationList section */

/* Begin XCVersionGroup section */
		C57CCA9B225A556100CC4B8B /* AssignmentTwo.xcdatamodeld */ = {
			isa = XCVersionGroup;
			children = (
				C57CCA9C225A556100CC4B8B /* AssignmentTwo.xcdatamodel */,
			);
			currentVersion = C57CCA9C225A556100CC4B8B /* AssignmentTwo.xcdatamodel */;
			path = AssignmentTwo.xcdatamodeld;
			sourceTree = "<group>";
			versionGroupType = wrapper.xcdatamodel;
		};
/* End XCVersionGroup section */
	};
	rootObject = C57CCA89225A556100CC4B8B /* Project object */;
}
